
Microsoft Visual Studio Solution File, Format Version 12.00
# Visual Studio Version 17
VisualStudioVersion = 17.1.32210.238
MinimumVisualStudioVersion = 10.0.40219.1
Project("{FAE04EC0-301F-11D3-BF4B-00C04F79EFBC}") = "Class2-Homework1", "Class2-Homework1\Class2-Homework1.csproj", "{302D96F6-7799-4FA1-9ECB-47A6657AEF67}"
EndProject
Global
	GlobalSection(SolutionConfigurationPlatforms) = preSolution
		Debug|Any CPU = Debug|Any CPU
		Release|Any CPU = Release|Any CPU
	EndGlobalSection
	GlobalSection(ProjectConfigurationPlatforms) = postSolution
		{302D96F6-7799-4FA1-9ECB-47A6657AEF67}.Debug|Any CPU.ActiveCfg = Debug|Any CPU
		{302D96F6-7799-4FA1-9ECB-47A6657AEF67}.Debug|Any CPU.Build.0 = Debug|Any CPU
		{302D96F6-7799-4FA1-9ECB-47A6657AEF67}.Release|Any CPU.ActiveCfg = Release|Any CPU
		{302D96F6-7799-4FA1-9ECB-47A6657AEF67}.Release|Any CPU.Build.0 = Release|Any CPU
	EndGlobalSection
	GlobalSection(SolutionProperties) = preSolution
		HideSolutionNode = FALSE
	EndGlobalSection
	GlobalSection(ExtensibilityGlobals) = postSolution
		SolutionGuid = {BFD6642B-72FA-4288-97F3-E4E74C6CFFDC}
	EndGlobalSection
EndGlobal
